
Microsoft Visual Studio Solution File, Format Version 12.00
# Visual Studio Version 17
VisualStudioVersion = 17.1.32421.90
MinimumVisualStudioVersion = 10.0.40219.1
Project("{2150E333-8FDC-42A3-9474-1A3956D46DE8}") = "Source", "Source", "{0317DF35-F5C5-4986-BA37-40C28554268F}"
EndProject
Project("{2150E333-8FDC-42A3-9474-1A3956D46DE8}") = "SolutionItems", "SolutionItems", "{275B08FA-6837-4A32-B890-0ADE2DE4C3F7}"
EndProject
Project("{9A19103F-16F7-4668-BE54-9A1E7A4F7556}") = "Client", "src\Client\Client.csproj", "{DB1309A5-3FAB-48EC-B5DF-582E8DFFE138}"
EndProject
Project("{9A19103F-16F7-4668-BE54-9A1E7A4F7556}") = "Domain", "src\Domain\Domain.csproj", "{A7B45D03-7C88-4D69-B932-40A9D5B755C2}"
EndProject
Project("{9A19103F-16F7-4668-BE54-9A1E7A4F7556}") = "Application", "src\Application\Application.csproj", "{9C175F31-4041-47AF-9577-D7AC488C2DFA}"
EndProject
Project("{9A19103F-16F7-4668-BE54-9A1E7A4F7556}") = "Infrastructure", "src\Infrastructure\Infrastructure.csproj", "{4B1846FD-5793-47BD-B89D-ABFB53141272}"
EndProject
Project("{2150E333-8FDC-42A3-9474-1A3956D46DE8}") = "Tests", "Tests", "{1D491AAE-7A45-4B6B-9E3B-F8F3F0EFDED5}"
EndProject
Project("{9A19103F-16F7-4668-BE54-9A1E7A4F7556}") = "Shared", "src\Shared\Shared.csproj", "{D22763DC-33FD-453E-AF00-A2028689F978}"
EndProject
Project("{9A19103F-16F7-4668-BE54-9A1E7A4F7556}") = "Client.Infrastructure", "src\Client.Infrastructure\Client.Infrastructure.csproj", "{6B3A1D03-E35E-4579-A24A-E3343D024B4B}"
EndProject
Project("{9A19103F-16F7-4668-BE54-9A1E7A4F7556}") = "Infrastructure.Shared", "src\Infrastructure.Shared\Infrastructure.Shared.csproj", "{BFAD2E2A-8C7C-4357-9C81-D2ECDEEFC0F1}"
EndProject
Project("{E53339B2-1760-4266-BCC7-CA923CBCF16C}") = "docker-compose", "docker-compose.dcproj", "{161B234C-6018-4CE5-86B2-0EA95A53982D}"
EndProject
Project("{2150E333-8FDC-42A3-9474-1A3956D46DE8}") = "Core", "Core", "{E11F1109-69BC-4BDA-8544-7A5277BBEDB2}"
EndProject
Project("{2150E333-8FDC-42A3-9474-1A3956D46DE8}") = "Web", "Web", "{6A1499BF-8968-4DF2-8241-6A66AC4B65B9}"
EndProject
Project("{2150E333-8FDC-42A3-9474-1A3956D46DE8}") = "Infrastructure", "Infrastructure", "{D83F4876-E6EE-49C0-BCB6-91153EAB2A60}"
EndProject
Project("{2150E333-8FDC-42A3-9474-1A3956D46DE8}") = "Shared", "Shared", "{CCCCE958-578E-44AC-B8A7-98686124E964}"
EndProject
Project("{9A19103F-16F7-4668-BE54-9A1E7A4F7556}") = "Server", "src\Server\Server.csproj", "{9DD43967-93BE-4EA6-99F2-5E4B39B8431D}"
EndProject
Project("{9A19103F-16F7-4668-BE54-9A1E7A4F7556}") = "Test", "src\Test\Test.csproj", "{ECED33D5-722A-4521-A263-75E1E403FBD6}"
EndProject
Project("{9A19103F-16F7-4668-BE54-9A1E7A4F7556}") = "Bot", "src\Bot\Bot.csproj", "{CFEC9141-8DF8-4B2A-A760-22C6424CE5C9}"
EndProject
Project("{9A19103F-16F7-4668-BE54-9A1E7A4F7556}") = "UPbit.Infrastructure", "src\UPbit.Infrastructure\UPbit.Infrastructure.csproj", "{44B9657B-8A87-44CD-9E0F-69C6E32A404F}"
EndProject
Project("{9A19103F-16F7-4668-BE54-9A1E7A4F7556}") = "Shared.Wrapper", "src\Shared.Wrapper\Shared.Wrapper.csproj", "{8BC479F9-776F-41A5-BA05-C630DACEBD36}"
EndProject
Project("{9A19103F-16F7-4668-BE54-9A1E7A4F7556}") = "Shared.Enums", "src\Shared.Enums\Shared.Enums.csproj", "{7E45AD79-5659-430D-87DB-679583D9FB5A}"
EndProject
Project("{FAE04EC0-301F-11D3-BF4B-00C04F79EFBC}") = "WebApi.Infrastructure", "src\WebApi.Infrastructure\WebApi.Infrastructure.csproj", "{81D02D86-E789-4C1C-AF26-29600AADC969}"
EndProject
Project("{FAE04EC0-301F-11D3-BF4B-00C04F79EFBC}") = "CoinMarketCap.Infrastructure", "src\CoinMarketCap.Infrastructure\CoinMarketCap.Infrastructure.csproj", "{C06294A6-3CD6-4281-9059-E2FF9AF6102A}"
EndProject
Global
	GlobalSection(SolutionConfigurationPlatforms) = preSolution
		Debug|Any CPU = Debug|Any CPU
		Release|Any CPU = Release|Any CPU
	EndGlobalSection
	GlobalSection(ProjectConfigurationPlatforms) = postSolution
		{DB1309A5-3FAB-48EC-B5DF-582E8DFFE138}.Debug|Any CPU.ActiveCfg = Debug|Any CPU
		{DB1309A5-3FAB-48EC-B5DF-582E8DFFE138}.Debug|Any CPU.Build.0 = Debug|Any CPU
		{DB1309A5-3FAB-48EC-B5DF-582E8DFFE138}.Release|Any CPU.ActiveCfg = Release|Any CPU
		{DB1309A5-3FAB-48EC-B5DF-582E8DFFE138}.Release|Any CPU.Build.0 = Release|Any CPU
		{A7B45D03-7C88-4D69-B932-40A9D5B755C2}.Debug|Any CPU.ActiveCfg = Debug|Any CPU
		{A7B45D03-7C88-4D69-B932-40A9D5B755C2}.Debug|Any CPU.Build.0 = Debug|Any CPU
		{A7B45D03-7C88-4D69-B932-40A9D5B755C2}.Release|Any CPU.ActiveCfg = Release|Any CPU
		{A7B45D03-7C88-4D69-B932-40A9D5B755C2}.Release|Any CPU.Build.0 = Release|Any CPU
		{9C175F31-4041-47AF-9577-D7AC488C2DFA}.Debug|Any CPU.ActiveCfg = Debug|Any CPU
		{9C175F31-4041-47AF-9577-D7AC488C2DFA}.Debug|Any CPU.Build.0 = Debug|Any CPU
		{9C175F31-4041-47AF-9577-D7AC488C2DFA}.Release|Any CPU.ActiveCfg = Release|Any CPU
		{9C175F31-4041-47AF-9577-D7AC488C2DFA}.Release|Any CPU.Build.0 = Release|Any CPU
		{4B1846FD-5793-47BD-B89D-ABFB53141272}.Debug|Any CPU.ActiveCfg = Debug|Any CPU
		{4B1846FD-5793-47BD-B89D-ABFB53141272}.Debug|Any CPU.Build.0 = Debug|Any CPU
		{4B1846FD-5793-47BD-B89D-ABFB53141272}.Release|Any CPU.ActiveCfg = Release|Any CPU
		{4B1846FD-5793-47BD-B89D-ABFB53141272}.Release|Any CPU.Build.0 = Release|Any CPU
		{D22763DC-33FD-453E-AF00-A2028689F978}.Debug|Any CPU.ActiveCfg = Debug|Any CPU
		{D22763DC-33FD-453E-AF00-A2028689F978}.Debug|Any CPU.Build.0 = Debug|Any CPU
		{D22763DC-33FD-453E-AF00-A2028689F978}.Release|Any CPU.ActiveCfg = Release|Any CPU
		{D22763DC-33FD-453E-AF00-A2028689F978}.Release|Any CPU.Build.0 = Release|Any CPU
		{6B3A1D03-E35E-4579-A24A-E3343D024B4B}.Debug|Any CPU.ActiveCfg = Debug|Any CPU
		{6B3A1D03-E35E-4579-A24A-E3343D024B4B}.Debug|Any CPU.Build.0 = Debug|Any CPU
		{6B3A1D03-E35E-4579-A24A-E3343D024B4B}.Release|Any CPU.ActiveCfg = Release|Any CPU
		{6B3A1D03-E35E-4579-A24A-E3343D024B4B}.Release|Any CPU.Build.0 = Release|Any CPU
		{BFAD2E2A-8C7C-4357-9C81-D2ECDEEFC0F1}.Debug|Any CPU.ActiveCfg = Debug|Any CPU
		{BFAD2E2A-8C7C-4357-9C81-D2ECDEEFC0F1}.Debug|Any CPU.Build.0 = Debug|Any CPU
		{BFAD2E2A-8C7C-4357-9C81-D2ECDEEFC0F1}.Release|Any CPU.ActiveCfg = Release|Any CPU
		{BFAD2E2A-8C7C-4357-9C81-D2ECDEEFC0F1}.Release|Any CPU.Build.0 = Release|Any CPU
		{161B234C-6018-4CE5-86B2-0EA95A53982D}.Debug|Any CPU.ActiveCfg = Debug|Any CPU
		{161B234C-6018-4CE5-86B2-0EA95A53982D}.Release|Any CPU.ActiveCfg = Release|Any CPU
		{161B234C-6018-4CE5-86B2-0EA95A53982D}.Release|Any CPU.Build.0 = Release|Any CPU
		{9DD43967-93BE-4EA6-99F2-5E4B39B8431D}.Debug|Any CPU.ActiveCfg = Debug|Any CPU
		{9DD43967-93BE-4EA6-99F2-5E4B39B8431D}.Debug|Any CPU.Build.0 = Debug|Any CPU
		{9DD43967-93BE-4EA6-99F2-5E4B39B8431D}.Release|Any CPU.ActiveCfg = Release|Any CPU
		{9DD43967-93BE-4EA6-99F2-5E4B39B8431D}.Release|Any CPU.Build.0 = Release|Any CPU
		{ECED33D5-722A-4521-A263-75E1E403FBD6}.Debug|Any CPU.ActiveCfg = Debug|Any CPU
		{ECED33D5-722A-4521-A263-75E1E403FBD6}.Release|Any CPU.ActiveCfg = Release|Any CPU
		{CFEC9141-8DF8-4B2A-A760-22C6424CE5C9}.Debug|Any CPU.ActiveCfg = Debug|Any CPU
		{CFEC9141-8DF8-4B2A-A760-22C6424CE5C9}.Debug|Any CPU.Build.0 = Debug|Any CPU
		{CFEC9141-8DF8-4B2A-A760-22C6424CE5C9}.Release|Any CPU.ActiveCfg = Release|Any CPU
		{CFEC9141-8DF8-4B2A-A760-22C6424CE5C9}.Release|Any CPU.Build.0 = Release|Any CPU
		{44B9657B-8A87-44CD-9E0F-69C6E32A404F}.Debug|Any CPU.ActiveCfg = Debug|Any CPU
		{44B9657B-8A87-44CD-9E0F-69C6E32A404F}.Debug|Any CPU.Build.0 = Debug|Any CPU
		{44B9657B-8A87-44CD-9E0F-69C6E32A404F}.Release|Any CPU.ActiveCfg = Release|Any CPU
		{44B9657B-8A87-44CD-9E0F-69C6E32A404F}.Release|Any CPU.Build.0 = Release|Any CPU
		{8BC479F9-776F-41A5-BA05-C630DACEBD36}.Debug|Any CPU.ActiveCfg = Debug|Any CPU
		{8BC479F9-776F-41A5-BA05-C630DACEBD36}.Debug|Any CPU.Build.0 = Debug|Any CPU
		{8BC479F9-776F-41A5-BA05-C630DACEBD36}.Release|Any CPU.ActiveCfg = Release|Any CPU
		{8BC479F9-776F-41A5-BA05-C630DACEBD36}.Release|Any CPU.Build.0 = Release|Any CPU
		{7E45AD79-5659-430D-87DB-679583D9FB5A}.Debug|Any CPU.ActiveCfg = Debug|Any CPU
		{7E45AD79-5659-430D-87DB-679583D9FB5A}.Debug|Any CPU.Build.0 = Debug|Any CPU
		{7E45AD79-5659-430D-87DB-679583D9FB5A}.Release|Any CPU.ActiveCfg = Release|Any CPU
		{7E45AD79-5659-430D-87DB-679583D9FB5A}.Release|Any CPU.Build.0 = Release|Any CPU
		{81D02D86-E789-4C1C-AF26-29600AADC969}.Debug|Any CPU.ActiveCfg = Debug|Any CPU
		{81D02D86-E789-4C1C-AF26-29600AADC969}.Debug|Any CPU.Build.0 = Debug|Any CPU
		{81D02D86-E789-4C1C-AF26-29600AADC969}.Release|Any CPU.ActiveCfg = Release|Any CPU
		{81D02D86-E789-4C1C-AF26-29600AADC969}.Release|Any CPU.Build.0 = Release|Any CPU
		{C06294A6-3CD6-4281-9059-E2FF9AF6102A}.Debug|Any CPU.ActiveCfg = Debug|Any CPU
		{C06294A6-3CD6-4281-9059-E2FF9AF6102A}.Debug|Any CPU.Build.0 = Debug|Any CPU
		{C06294A6-3CD6-4281-9059-E2FF9AF6102A}.Release|Any CPU.ActiveCfg = Release|Any CPU
		{C06294A6-3CD6-4281-9059-E2FF9AF6102A}.Release|Any CPU.Build.0 = Release|Any CPU
	EndGlobalSection
	GlobalSection(SolutionProperties) = preSolution
		HideSolutionNode = FALSE
	EndGlobalSection
	GlobalSection(NestedProjects) = preSolution
		{DB1309A5-3FAB-48EC-B5DF-582E8DFFE138} = {6A1499BF-8968-4DF2-8241-6A66AC4B65B9}
		{A7B45D03-7C88-4D69-B932-40A9D5B755C2} = {E11F1109-69BC-4BDA-8544-7A5277BBEDB2}
		{9C175F31-4041-47AF-9577-D7AC488C2DFA} = {E11F1109-69BC-4BDA-8544-7A5277BBEDB2}
		{4B1846FD-5793-47BD-B89D-ABFB53141272} = {D83F4876-E6EE-49C0-BCB6-91153EAB2A60}
		{D22763DC-33FD-453E-AF00-A2028689F978} = {CCCCE958-578E-44AC-B8A7-98686124E964}
		{6B3A1D03-E35E-4579-A24A-E3343D024B4B} = {D83F4876-E6EE-49C0-BCB6-91153EAB2A60}
		{BFAD2E2A-8C7C-4357-9C81-D2ECDEEFC0F1} = {D83F4876-E6EE-49C0-BCB6-91153EAB2A60}
		{E11F1109-69BC-4BDA-8544-7A5277BBEDB2} = {0317DF35-F5C5-4986-BA37-40C28554268F}
		{6A1499BF-8968-4DF2-8241-6A66AC4B65B9} = {0317DF35-F5C5-4986-BA37-40C28554268F}
		{D83F4876-E6EE-49C0-BCB6-91153EAB2A60} = {0317DF35-F5C5-4986-BA37-40C28554268F}
		{CCCCE958-578E-44AC-B8A7-98686124E964} = {0317DF35-F5C5-4986-BA37-40C28554268F}
		{9DD43967-93BE-4EA6-99F2-5E4B39B8431D} = {6A1499BF-8968-4DF2-8241-6A66AC4B65B9}
		{ECED33D5-722A-4521-A263-75E1E403FBD6} = {1D491AAE-7A45-4B6B-9E3B-F8F3F0EFDED5}
		{CFEC9141-8DF8-4B2A-A760-22C6424CE5C9} = {0317DF35-F5C5-4986-BA37-40C28554268F}
		{44B9657B-8A87-44CD-9E0F-69C6E32A404F} = {D83F4876-E6EE-49C0-BCB6-91153EAB2A60}
		{8BC479F9-776F-41A5-BA05-C630DACEBD36} = {CCCCE958-578E-44AC-B8A7-98686124E964}
		{7E45AD79-5659-430D-87DB-679583D9FB5A} = {CCCCE958-578E-44AC-B8A7-98686124E964}
		{81D02D86-E789-4C1C-AF26-29600AADC969} = {D83F4876-E6EE-49C0-BCB6-91153EAB2A60}
		{C06294A6-3CD6-4281-9059-E2FF9AF6102A} = {D83F4876-E6EE-49C0-BCB6-91153EAB2A60}
	EndGlobalSection
	GlobalSection(ExtensibilityGlobals) = postSolution
		SolutionGuid = {ED3E6669-AEC5-4A3B-9E57-2A81DE87BAAF}
	EndGlobalSection
EndGlobal
